// !$*UTF8*$!
{
	archiveVersion = 1;
	classes = {
	};
	objectVersion = 50;
	objects = {

/* Begin PBXBuildFile section */
		1D2F810E2687377600AAFAA6 /* CoursesAppApp.swift in Sources */ = {isa = PBXBuildFile; fileRef = 1D2F810D2687377600AAFAA6 /* CoursesAppApp.swift */; };
		1D2F81102687377600AAFAA6 /* ContentView.swift in Sources */ = {isa = PBXBuildFile; fileRef = 1D2F810F2687377600AAFAA6 /* ContentView.swift */; };
		1D2F81122687377A00AAFAA6 /* Assets.xcassets in Resources */ = {isa = PBXBuildFile; fileRef = 1D2F81112687377A00AAFAA6 /* Assets.xcassets */; };
		1D2F81152687377A00AAFAA6 /* Preview Assets.xcassets in Resources */ = {isa = PBXBuildFile; fileRef = 1D2F81142687377A00AAFAA6 /* Preview Assets.xcassets */; };
		1D7B9EAA26888C0D00B7F4F2 /* Topic.swift in Sources */ = {isa = PBXBuildFile; fileRef = 1D7B9EA926888C0D00B7F4F2 /* Topic.swift */; };
		954086392689AF3E00DD2687 /* Lesson.swift in Sources */ = {isa = PBXBuildFile; fileRef = 954086382689AF3E00DD2687 /* Lesson.swift */; };
		95A1C51B268B13DD00555C6B /* Course.swift in Sources */ = {isa = PBXBuildFile; fileRef = 95A1C51A268B13DD00555C6B /* Course.swift */; };
		95A1C51D268C5CEF00555C6B /* Home.swift in Sources */ = {isa = PBXBuildFile; fileRef = 95A1C51C268C5CEF00555C6B /* Home.swift */; };
		95A1C51F268C5D6E00555C6B /* sample.mp4 in Resources */ = {isa = PBXBuildFile; fileRef = 95A1C51E268C5D6E00555C6B /* sample.mp4 */; };
/* End PBXBuildFile section */

/* Begin PBXFileReference section */
		1D2F810A2687377600AAFAA6 /* CoursesApp.app */ = {isa = PBXFileReference; explicitFileType = wrapper.application; includeInIndex = 0; path = CoursesApp.app; sourceTree = BUILT_PRODUCTS_DIR; };
		1D2F810D2687377600AAFAA6 /* CoursesAppApp.swift */ = {isa = PBXFileReference; lastKnownFileType = sourcecode.swift; path = CoursesAppApp.swift; sourceTree = "<group>"; };
		1D2F810F2687377600AAFAA6 /* ContentView.swift */ = {isa = PBXFileReference; lastKnownFileType = sourcecode.swift; path = ContentView.swift; sourceTree = "<group>"; };
		1D2F81112687377A00AAFAA6 /* Assets.xcassets */ = {isa = PBXFileReference; lastKnownFileType = folder.assetcatalog; path = Assets.xcassets; sourceTree = "<group>"; };
		1D2F81142687377A00AAFAA6 /* Preview Assets.xcassets */ = {isa = PBXFileReference; lastKnownFileType = folder.assetcatalog; path = "Preview Assets.xcassets"; sourceTree = "<group>"; };
		1D2F81162687377A00AAFAA6 /* Info.plist */ = {isa = PBXFileReference; lastKnownFileType = text.plist.xml; path = Info.plist; sourceTree = "<group>"; };
		1D7B9EA926888C0D00B7F4F2 /* Topic.swift */ = {isa = PBXFileReference; lastKnownFileType = sourcecode.swift; path = Topic.swift; sourceTree = "<group>"; };
		954086382689AF3E00DD2687 /* Lesson.swift */ = {isa = PBXFileReference; lastKnownFileType = sourcecode.swift; path = Lesson.swift; sourceTree = "<group>"; };
		95A1C51A268B13DD00555C6B /* Course.swift */ = {isa = PBXFileReference; lastKnownFileType = sourcecode.swift; path = Course.swift; sourceTree = "<group>"; };
		95A1C51C268C5CEF00555C6B /* Home.swift */ = {isa = PBXFileReference; lastKnownFileType = sourcecode.swift; path = Home.swift; sourceTree = "<group>"; };
		95A1C51E268C5D6E00555C6B /* sample.mp4 */ = {isa = PBXFileReference; lastKnownFileType = file; path = sample.mp4; sourceTree = "<group>"; };
/* End PBXFileReference section */

/* Begin PBXFrameworksBuildPhase section */
		1D2F81072687377600AAFAA6 /* Frameworks */ = {
			isa = PBXFrameworksBuildPhase;
			buildActionMask = 2147483647;
			files = (
			);
			runOnlyForDeploymentPostprocessing = 0;
		};
/* End PBXFrameworksBuildPhase section */

/* Begin PBXGroup section */
		1D2F81012687377600AAFAA6 = {
			isa = PBXGroup;
			children = (
				1D2F810C2687377600AAFAA6 /* CoursesApp */,
				1D2F810B2687377600AAFAA6 /* Products */,
			);
			sourceTree = "<group>";
		};
		1D2F810B2687377600AAFAA6 /* Products */ = {
			isa = PBXGroup;
			children = (
				1D2F810A2687377600AAFAA6 /* CoursesApp.app */,
			);
			name = Products;
			sourceTree = "<group>";
		};
		1D2F810C2687377600AAFAA6 /* CoursesApp */ = {
			isa = PBXGroup;
			children = (
				95A1C51E268C5D6E00555C6B /* sample.mp4 */,
				1D2F8120268737E400AAFAA6 /* ViewModels */,
				1D2F811F268737D500AAFAA6 /* Models */,
				1D2F811E268737C400AAFAA6 /* Views */,
				1D2F811D2687379F00AAFAA6 /* Shared */,
				1D2F811C2687378C00AAFAA6 /* App */,
			);
			path = CoursesApp;
			sourceTree = "<group>";
		};
		1D2F81132687377A00AAFAA6 /* Preview Content */ = {
			isa = PBXGroup;
			children = (
				1D2F81142687377A00AAFAA6 /* Preview Assets.xcassets */,
			);
			path = "Preview Content";
			sourceTree = "<group>";
		};
		1D2F811C2687378C00AAFAA6 /* App */ = {
			isa = PBXGroup;
			children = (
				1D2F810D2687377600AAFAA6 /* CoursesAppApp.swift */,
			);
			path = App;
			sourceTree = "<group>";
		};
		1D2F811D2687379F00AAFAA6 /* Shared */ = {
			isa = PBXGroup;
			children = (
				1D2F81162687377A00AAFAA6 /* Info.plist */,
				1D2F81112687377A00AAFAA6 /* Assets.xcassets */,
				1D2F81132687377A00AAFAA6 /* Preview Content */,
			);
			path = Shared;
			sourceTree = "<group>";
		};
		1D2F811E268737C400AAFAA6 /* Views */ = {
			isa = PBXGroup;
			children = (
				1D2F810F2687377600AAFAA6 /* ContentView.swift */,
				95A1C51C268C5CEF00555C6B /* Home.swift */,
			);
			path = Views;
			sourceTree = "<group>";
		};
		1D2F811F268737D500AAFAA6 /* Models */ = {
			isa = PBXGroup;
			children = (
				1D7B9EA926888C0D00B7F4F2 /* Topic.swift */,
				954086382689AF3E00DD2687 /* Lesson.swift */,
				95A1C51A268B13DD00555C6B /* Course.swift */,
			);
			path = Models;
			sourceTree = "<group>";
		};
		1D2F8120268737E400AAFAA6 /* ViewModels */ = {
			isa = PBXGroup;
			children = (
			);
			path = ViewModels;
			sourceTree = "<group>";
		};
/* End PBXGroup section */

/* Begin PBXNativeTarget section */
		1D2F81092687377600AAFAA6 /* CoursesApp */ = {
			isa = PBXNativeTarget;
			buildConfigurationList = 1D2F81192687377A00AAFAA6 /* Build configuration list for PBXNativeTarget "CoursesApp" */;
			buildPhases = (
				1D2F81062687377600AAFAA6 /* Sources */,
				1D2F81072687377600AAFAA6 /* Frameworks */,
				1D2F81082687377600AAFAA6 /* Resources */,
			);
			buildRules = (
			);
			dependencies = (
			);
			name = CoursesApp;
			productName = CoursesApp;
			productReference = 1D2F810A2687377600AAFAA6 /* CoursesApp.app */;
			productType = "com.apple.product-type.application";
		};
/* End PBXNativeTarget section */

/* Begin PBXProject section */
		1D2F81022687377600AAFAA6 /* Project object */ = {
			isa = PBXProject;
			attributes = {
				LastSwiftUpdateCheck = 1250;
				LastUpgradeCheck = 1250;
				TargetAttributes = {
					1D2F81092687377600AAFAA6 = {
						CreatedOnToolsVersion = 12.5;
					};
				};
			};
			buildConfigurationList = 1D2F81052687377600AAFAA6 /* Build configuration list for PBXProject "CoursesApp" */;
			compatibilityVersion = "Xcode 9.3";
			developmentRegion = en;
			hasScannedForEncodings = 0;
			knownRegions = (
				en,
				Base,
			);
			mainGroup = 1D2F81012687377600AAFAA6;
			productRefGroup = 1D2F810B2687377600AAFAA6 /* Products */;
			projectDirPath = "";
			projectRoot = "";
			targets = (
				1D2F81092687377600AAFAA6 /* CoursesApp */,
			);
		};
/* End PBXProject section */

/* Begin PBXResourcesBuildPhase section */
		1D2F81082687377600AAFAA6 /* Resources */ = {
			isa = PBXResourcesBuildPhase;
			buildActionMask = 2147483647;
			files = (
				1D2F81152687377A00AAFAA6 /* Preview Assets.xcassets in Resources */,
				95A1C51F268C5D6E00555C6B /* sample.mp4 in Resources */,
				1D2F81122687377A00AAFAA6 /* Assets.xcassets in Resources */,
			);
			runOnlyForDeploymentPostprocessing = 0;
		};
/* End PBXResourcesBuildPhase section */

/* Begin PBXSourcesBuildPhase section */
		1D2F81062687377600AAFAA6 /* Sources */ = {
			isa = PBXSourcesBuildPhase;
			buildActionMask = 2147483647;
			files = (
				1D2F81102687377600AAFAA6 /* ContentView.swift in Sources */,
				1D7B9EAA26888C0D00B7F4F2 /* Topic.swift in Sources */,
				95A1C51B268B13DD00555C6B /* Course.swift in Sources */,
				1D2F810E2687377600AAFAA6 /* CoursesAppApp.swift in Sources */,
				95A1C51D268C5CEF00555C6B /* Home.swift in Sources */,
				954086392689AF3E00DD2687 /* Lesson.swift in Sources */,
			);
			runOnlyForDeploymentPostprocessing = 0;
		};
/* End PBXSourcesBuildPhase section */

/* Begin XCBuildConfiguration section */
		1D2F81172687377A00AAFAA6 /* Debug */ = {
			isa = XCBuildConfiguration;
			buildSettings = {
				ALWAYS_SEARCH_USER_PATHS = NO;
				CLANG_ANALYZER_NONNULL = YES;
				CLANG_ANALYZER_NUMBER_OBJECT_CONVERSION = YES_AGGRESSIVE;
				CLANG_CXX_LANGUAGE_STANDARD = "gnu++14";
				CLANG_CXX_LIBRARY = "libc++";
				CLANG_ENABLE_MODULES = YES;
				CLANG_ENABLE_OBJC_ARC = YES;
				CLANG_ENABLE_OBJC_WEAK = YES;
				CLANG_WARN_BLOCK_CAPTURE_AUTORELEASING = YES;
				CLANG_WARN_BOOL_CONVERSION = YES;
				CLANG_WARN_COMMA = YES;
				CLANG_WARN_CONSTANT_CONVERSION = YES;
				CLANG_WARN_DEPRECATED_OBJC_IMPLEMENTATIONS = YES;
				CLANG_WARN_DIRECT_OBJC_ISA_USAGE = YES_ERROR;
				CLANG_WARN_DOCUMENTATION_COMMENTS = YES;
				CLANG_WARN_EMPTY_BODY = YES;
				CLANG_WARN_ENUM_CONVERSION = YES;
				CLANG_WARN_INFINITE_RECURSION = YES;
				CLANG_WARN_INT_CONVERSION = YES;
				CLANG_WARN_NON_LITERAL_NULL_CONVERSION = YES;
				CLANG_WARN_OBJC_IMPLICIT_RETAIN_SELF = YES;
				CLANG_WARN_OBJC_LITERAL_CONVERSION = YES;
				CLANG_WARN_OBJC_ROOT_CLASS = YES_ERROR;
				CLANG_WARN_QUOTED_INCLUDE_IN_FRAMEWORK_HEADER = YES;
				CLANG_WARN_RANGE_LOOP_ANALYSIS = YES;
				CLANG_WARN_STRICT_PROTOTYPES = YES;
				CLANG_WARN_SUSPICIOUS_MOVE = YES;
				CLANG_WARN_UNGUARDED_AVAILABILITY = YES_AGGRESSIVE;
				CLANG_WARN_UNREACHABLE_CODE = YES;
				CLANG_WARN__DUPLICATE_METHOD_MATCH = YES;
				COPY_PHASE_STRIP = NO;
				DEBUG_INFORMATION_FORMAT = dwarf;
				ENABLE_STRICT_OBJC_MSGSEND = YES;
				ENABLE_TESTABILITY = YES;
				GCC_C_LANGUAGE_STANDARD = gnu11;
				GCC_DYNAMIC_NO_PIC = NO;
				GCC_NO_COMMON_BLOCKS = YES;
				GCC_OPTIMIZATION_LEVEL = 0;
				GCC_PREPROCESSOR_DEFINITIONS = (
					"DEBUG=1",
					"$(inherited)",
				);
				GCC_WARN_64_TO_32_BIT_CONVERSION = YES;
				GCC_WARN_ABOUT_RETURN_TYPE = YES_ERROR;
				GCC_WARN_UNDECLARED_SELECTOR = YES;
				GCC_WARN_UNINITIALIZED_AUTOS = YES_AGGRESSIVE;
				GCC_WARN_UNUSED_FUNCTION = YES;
				GCC_WARN_UNUSED_VARIABLE = YES;
				IPHONEOS_DEPLOYMENT_TARGET = 14.5;
				MTL_ENABLE_DEBUG_INFO = INCLUDE_SOURCE;
				MTL_FAST_MATH = YES;
				ONLY_ACTIVE_ARCH = YES;
				SDKROOT = iphoneos;
				SWIFT_ACTIVE_COMPILATION_CONDITIONS = DEBUG;
				SWIFT_OPTIMIZATION_LEVEL = "-Onone";
			};
			name = Debug;
		};
		1D2F81182687377A00AAFAA6 /* Release */ = {
			isa = XCBuildConfiguration;
			buildSettings = {
				ALWAYS_SEARCH_USER_PATHS = NO;
				CLANG_ANALYZER_NONNULL = YES;
				CLANG_ANALYZER_NUMBER_OBJECT_CONVERSION = YES_AGGRESSIVE;
				CLANG_CXX_LANGUAGE_STANDARD = "gnu++14";
				CLANG_CXX_LIBRARY = "libc++";
				CLANG_ENABLE_MODULES = YES;
				CLANG_ENABLE_OBJC_ARC = YES;
				CLANG_ENABLE_OBJC_WEAK = YES;
				CLANG_WARN_BLOCK_CAPTURE_AUTORELEASING = YES;
				CLANG_WARN_BOOL_CONVERSION = YES;
				CLANG_WARN_COMMA = YES;
				CLANG_WARN_CONSTANT_CONVERSION = YES;
				CLANG_WARN_DEPRECATED_OBJC_IMPLEMENTATIONS = YES;
				CLANG_WARN_DIRECT_OBJC_ISA_USAGE = YES_ERROR;
				CLANG_WARN_DOCUMENTATION_COMMENTS = YES;
				CLANG_WARN_EMPTY_BODY = YES;
				CLANG_WARN_ENUM_CONVERSION = YES;
				CLANG_WARN_INFINITE_RECURSION = YES;
				CLANG_WARN_INT_CONVERSION = YES;
				CLANG_WARN_NON_LITERAL_NULL_CONVERSION = YES;
				CLANG_WARN_OBJC_IMPLICIT_RETAIN_SELF = YES;
				CLANG_WARN_OBJC_LITERAL_CONVERSION = YES;
				CLANG_WARN_OBJC_ROOT_CLASS = YES_ERROR;
				CLANG_WARN_QUOTED_INCLUDE_IN_FRAMEWORK_HEADER = YES;
				CLANG_WARN_RANGE_LOOP_ANALYSIS = YES;
				CLANG_WARN_STRICT_PROTOTYPES = YES;
				CLANG_WARN_SUSPICIOUS_MOVE = YES;
				CLANG_WARN_UNGUARDED_AVAILABILITY = YES_AGGRESSIVE;
				CLANG_WARN_UNREACHABLE_CODE = YES;
				CLANG_WARN__DUPLICATE_METHOD_MATCH = YES;
				COPY_PHASE_STRIP = NO;
				DEBUG_INFORMATION_FORMAT = "dwarf-with-dsym";
				ENABLE_NS_ASSERTIONS = NO;
				ENABLE_STRICT_OBJC_MSGSEND = YES;
				GCC_C_LANGUAGE_STANDARD = gnu11;
				GCC_NO_COMMON_BLOCKS = YES;
				GCC_WARN_64_TO_32_BIT_CONVERSION = YES;
				GCC_WARN_ABOUT_RETURN_TYPE = YES_ERROR;
				GCC_WARN_UNDECLARED_SELECTOR = YES;
				GCC_WARN_UNINITIALIZED_AUTOS = YES_AGGRESSIVE;
				GCC_WARN_UNUSED_FUNCTION = YES;
				GCC_WARN_UNUSED_VARIABLE = YES;
				IPHONEOS_DEPLOYMENT_TARGET = 14.5;
				MTL_ENABLE_DEBUG_INFO = NO;
				MTL_FAST_MATH = YES;
				SDKROOT = iphoneos;
				SWIFT_COMPILATION_MODE = wholemodule;
				SWIFT_OPTIMIZATION_LEVEL = "-O";
				VALIDATE_PRODUCT = YES;
			};
			name = Release;
		};
		1D2F811A2687377A00AAFAA6 /* Debug */ = {
			isa = XCBuildConfiguration;
			buildSettings = {
				ASSETCATALOG_COMPILER_APPICON_NAME = AppIcon;
				ASSETCATALOG_COMPILER_GLOBAL_ACCENT_COLOR_NAME = AccentColor;
				CODE_SIGN_STYLE = Automatic;
				DEVELOPMENT_ASSET_PATHS = "\"CoursesApp/Shared/Preview Content\"";
				DEVELOPMENT_TEAM = L8W86DZDY2;
				ENABLE_PREVIEWS = YES;
				INFOPLIST_FILE = CoursesApp/Shared/Info.plist;
				IPHONEOS_DEPLOYMENT_TARGET = 14.0;
				LD_RUNPATH_SEARCH_PATHS = (
					"$(inherited)",
					"@executable_path/Frameworks",
				);
				PRODUCT_BUNDLE_IDENTIFIER = com.ri.CoursesApp;
				PRODUCT_NAME = "$(TARGET_NAME)";
				SWIFT_VERSION = 5.0;
				TARGETED_DEVICE_FAMILY = "1,2";
			};
			name = Debug;
		};
		1D2F811B2687377A00AAFAA6 /* Release */ = {
			isa = XCBuildConfiguration;
			buildSettings = {
				ASSETCATALOG_COMPILER_APPICON_NAME = AppIcon;
				ASSETCATALOG_COMPILER_GLOBAL_ACCENT_COLOR_NAME = AccentColor;
				CODE_SIGN_STYLE = Automatic;
				DEVELOPMENT_ASSET_PATHS = "\"CoursesApp/Shared/Preview Content\"";
				DEVELOPMENT_TEAM = L8W86DZDY2;
				ENABLE_PREVIEWS = YES;
				INFOPLIST_FILE = CoursesApp/Shared/Info.plist;
				IPHONEOS_DEPLOYMENT_TARGET = 14.0;
				LD_RUNPATH_SEARCH_PATHS = (
					"$(inherited)",
					"@executable_path/Frameworks",
				);
				PRODUCT_BUNDLE_IDENTIFIER = com.ri.CoursesApp;
				PRODUCT_NAME = "$(TARGET_NAME)";
				SWIFT_VERSION = 5.0;
				TARGETED_DEVICE_FAMILY = "1,2";
			};
			name = Release;
		};
/* End XCBuildConfiguration section */

/* Begin XCConfigurationList section */
		1D2F81052687377600AAFAA6 /* Build configuration list for PBXProject "CoursesApp" */ = {
			isa = XCConfigurationList;
			buildConfigurations = (
				1D2F81172687377A00AAFAA6 /* Debug */,
				1D2F81182687377A00AAFAA6 /* Release */,
			);
			defaultConfigurationIsVisible = 0;
			defaultConfigurationName = Release;
		};
		1D2F81192687377A00AAFAA6 /* Build configuration list for PBXNativeTarget "CoursesApp" */ = {
			isa = XCConfigurationList;
			buildConfigurations = (
				1D2F811A2687377A00AAFAA6 /* Debug */,
				1D2F811B2687377A00AAFAA6 /* Release */,
			);
			defaultConfigurationIsVisible = 0;
			defaultConfigurationName = Release;
		};
/* End XCConfigurationList section */
	};
	rootObject = 1D2F81022687377600AAFAA6 /* Project object */;
}
